
Microsoft Visual Studio Solution File, Format Version 12.00
# Visual Studio Version 17
VisualStudioVersion = 17.8.34309.116
MinimumVisualStudioVersion = 10.0.40219.1
Project("{FAE04EC0-301F-11D3-BF4B-00C04F79EFBC}") = "efCore", "efCore.csproj", "{448A830E-7C68-4813-A0C6-89674F09FC74}"
EndProject
Global
	GlobalSection(SolutionConfigurationPlatforms) = preSolution
		Debug|Any CPU = Debug|Any CPU
		Release|Any CPU = Release|Any CPU
	EndGlobalSection
	GlobalSection(ProjectConfigurationPlatforms) = postSolution
		{448A830E-7C68-4813-A0C6-89674F09FC74}.Debug|Any CPU.ActiveCfg = Debug|Any CPU
		{448A830E-7C68-4813-A0C6-89674F09FC74}.Debug|Any CPU.Build.0 = Debug|Any CPU
		{448A830E-7C68-4813-A0C6-89674F09FC74}.Release|Any CPU.ActiveCfg = Release|Any CPU
		{448A830E-7C68-4813-A0C6-89674F09FC74}.Release|Any CPU.Build.0 = Release|Any CPU
	EndGlobalSection
	GlobalSection(SolutionProperties) = preSolution
		HideSolutionNode = FALSE
	EndGlobalSection
	GlobalSection(ExtensibilityGlobals) = postSolution
		SolutionGuid = {269BA16A-FFDB-4DA3-B626-5F52E0C09368}
	EndGlobalSection
EndGlobal
